
Microsoft Visual Studio Solution File, Format Version 12.00
# Visual Studio Version 17
VisualStudioVersion = 17.0.31903.59
MinimumVisualStudioVersion = 10.0.40219.1
Project("{9A19103F-16F7-4668-BE54-9A1E7A4F7556}") = "MiniArch", "src\MiniArch\MiniArch.csproj", "{3F1D0D5E-3F38-4E18-A1C9-8E5FADDAA0D1}"
EndProject
Project("{9A19103F-16F7-4668-BE54-9A1E7A4F7556}") = "MiniArch.Tests", "tests\MiniArch.Tests\MiniArch.Tests.csproj", "{17E6A4F2-13C5-4D73-8BE8-26C9F0BDA2DD}"
EndProject
Project("{9A19103F-16F7-4668-BE54-9A1E7A4F7556}") = "MiniArch.Benchmarks", "benchmarks\MiniArch.Benchmarks\MiniArch.Benchmarks.csproj", "{E60AB7AF-1D6A-4D1D-8E04-3E335B20F101}"
EndProject
Project("{2150E333-8FDC-42A3-9474-1A3956D46DE8}") = "shared", "shared", "{E3AC927E-9C6C-4BA4-95B6-8C8C5AB2E456}"
EndProject
Project("{FAE04EC0-301F-11D3-BF4B-00C04F79EFBC}") = "MiniArch.SharedInfrastructure", "shared\MiniArch.SharedInfrastructure\MiniArch.SharedInfrastructure.csproj", "{60B37132-C349-4E04-A392-888A67D04EB8}"
EndProject
Global
	GlobalSection(SolutionConfigurationPlatforms) = preSolution
		Debug|Any CPU = Debug|Any CPU
		Release|Any CPU = Release|Any CPU
	EndGlobalSection
	GlobalSection(ProjectConfigurationPlatforms) = postSolution
		{3F1D0D5E-3F38-4E18-A1C9-8E5FADDAA0D1}.Debug|Any CPU.ActiveCfg = Debug|Any CPU
		{3F1D0D5E-3F38-4E18-A1C9-8E5FADDAA0D1}.Debug|Any CPU.Build.0 = Debug|Any CPU
		{3F1D0D5E-3F38-4E18-A1C9-8E5FADDAA0D1}.Release|Any CPU.ActiveCfg = Release|Any CPU
		{3F1D0D5E-3F38-4E18-A1C9-8E5FADDAA0D1}.Release|Any CPU.Build.0 = Release|Any CPU
		{17E6A4F2-13C5-4D73-8BE8-26C9F0BDA2DD}.Debug|Any CPU.ActiveCfg = Debug|Any CPU
		{17E6A4F2-13C5-4D73-8BE8-26C9F0BDA2DD}.Debug|Any CPU.Build.0 = Debug|Any CPU
		{17E6A4F2-13C5-4D73-8BE8-26C9F0BDA2DD}.Release|Any CPU.ActiveCfg = Release|Any CPU
		{17E6A4F2-13C5-4D73-8BE8-26C9F0BDA2DD}.Release|Any CPU.Build.0 = Release|Any CPU
		{E60AB7AF-1D6A-4D1D-8E04-3E335B20F101}.Debug|Any CPU.ActiveCfg = Debug|Any CPU
		{E60AB7AF-1D6A-4D1D-8E04-3E335B20F101}.Debug|Any CPU.Build.0 = Debug|Any CPU
		{E60AB7AF-1D6A-4D1D-8E04-3E335B20F101}.Release|Any CPU.ActiveCfg = Release|Any CPU
		{E60AB7AF-1D6A-4D1D-8E04-3E335B20F101}.Release|Any CPU.Build.0 = Release|Any CPU
		{60B37132-C349-4E04-A392-888A67D04EB8}.Debug|Any CPU.ActiveCfg = Debug|Any CPU
		{60B37132-C349-4E04-A392-888A67D04EB8}.Debug|Any CPU.Build.0 = Debug|Any CPU
		{60B37132-C349-4E04-A392-888A67D04EB8}.Release|Any CPU.ActiveCfg = Release|Any CPU
		{60B37132-C349-4E04-A392-888A67D04EB8}.Release|Any CPU.Build.0 = Release|Any CPU
	EndGlobalSection
	GlobalSection(SolutionProperties) = preSolution
		HideSolutionNode = FALSE
	EndGlobalSection
	GlobalSection(NestedProjects) = preSolution
		{60B37132-C349-4E04-A392-888A67D04EB8} = {E3AC927E-9C6C-4BA4-95B6-8C8C5AB2E456}
	EndGlobalSection
EndGlobal
